
Microsoft Visual Studio Solution File, Format Version 12.00
# Visual Studio Version 16
VisualStudioVersion = 16.0.29905.134
MinimumVisualStudioVersion = 10.0.40219.1
Project("{FAE04EC0-301F-11D3-BF4B-00C04F79EFBC}") = "ServiciosSeguros", "ServiciosSeguros\ServiciosSeguros.csproj", "{AFCE165A-961B-4731-8EC8-434E91374304}"
EndProject
Global
	GlobalSection(SolutionConfigurationPlatforms) = preSolution
		Debug|Any CPU = Debug|Any CPU
		Release|Any CPU = Release|Any CPU
	EndGlobalSection
	GlobalSection(ProjectConfigurationPlatforms) = postSolution
		{AFCE165A-961B-4731-8EC8-434E91374304}.Debug|Any CPU.ActiveCfg = Debug|Any CPU
		{AFCE165A-961B-4731-8EC8-434E91374304}.Debug|Any CPU.Build.0 = Debug|Any CPU
		{AFCE165A-961B-4731-8EC8-434E91374304}.Release|Any CPU.ActiveCfg = Release|Any CPU
		{AFCE165A-961B-4731-8EC8-434E91374304}.Release|Any CPU.Build.0 = Release|Any CPU
	EndGlobalSection
	GlobalSection(SolutionProperties) = preSolution
		HideSolutionNode = FALSE
	EndGlobalSection
	GlobalSection(ExtensibilityGlobals) = postSolution
		SolutionGuid = {0E8BA0D8-A25C-4DB3-8773-A22FB6EAD7AE}
	EndGlobalSection
EndGlobal
